
Microsoft Visual Studio Solution File, Format Version 12.00
# Visual Studio Version 17
VisualStudioVersion = 17.7.34202.233
MinimumVisualStudioVersion = 10.0.40219.1
Project("{FAE04EC0-301F-11D3-BF4B-00C04F79EFBC}") = "Demo_ADO_Game", "Demo_ADO_Game\Demo_ADO_Game.csproj", "{F4AF5168-BD2A-4F1E-A744-942CC2C96CCE}"
EndProject
Project("{00D1A9C2-B5F0-4AF3-8072-F6C62B433612}") = "Demo_ADO_Game.Database", "Demo_ADO_Game.Database\Demo_ADO_Game.Database.sqlproj", "{89AAB114-A29B-4A8A-900E-B42F405E7188}"
EndProject
Global
	GlobalSection(SolutionConfigurationPlatforms) = preSolution
		Debug|Any CPU = Debug|Any CPU
		Release|Any CPU = Release|Any CPU
	EndGlobalSection
	GlobalSection(ProjectConfigurationPlatforms) = postSolution
		{F4AF5168-BD2A-4F1E-A744-942CC2C96CCE}.Debug|Any CPU.ActiveCfg = Debug|Any CPU
		{F4AF5168-BD2A-4F1E-A744-942CC2C96CCE}.Debug|Any CPU.Build.0 = Debug|Any CPU
		{F4AF5168-BD2A-4F1E-A744-942CC2C96CCE}.Release|Any CPU.ActiveCfg = Release|Any CPU
		{F4AF5168-BD2A-4F1E-A744-942CC2C96CCE}.Release|Any CPU.Build.0 = Release|Any CPU
		{89AAB114-A29B-4A8A-900E-B42F405E7188}.Debug|Any CPU.ActiveCfg = Debug|Any CPU
		{89AAB114-A29B-4A8A-900E-B42F405E7188}.Debug|Any CPU.Build.0 = Debug|Any CPU
		{89AAB114-A29B-4A8A-900E-B42F405E7188}.Debug|Any CPU.Deploy.0 = Debug|Any CPU
		{89AAB114-A29B-4A8A-900E-B42F405E7188}.Release|Any CPU.ActiveCfg = Release|Any CPU
		{89AAB114-A29B-4A8A-900E-B42F405E7188}.Release|Any CPU.Build.0 = Release|Any CPU
		{89AAB114-A29B-4A8A-900E-B42F405E7188}.Release|Any CPU.Deploy.0 = Release|Any CPU
	EndGlobalSection
	GlobalSection(SolutionProperties) = preSolution
		HideSolutionNode = FALSE
	EndGlobalSection
	GlobalSection(ExtensibilityGlobals) = postSolution
		SolutionGuid = {C6D476C7-10DF-4C86-9DEE-19DBDCA58D08}
	EndGlobalSection
EndGlobal
